
Microsoft Visual Studio Solution File, Format Version 12.00
# Visual Studio Version 16
VisualStudioVersion = 16.0.31105.61
MinimumVisualStudioVersion = 10.0.40219.1
Project("{FAE04EC0-301F-11D3-BF4B-00C04F79EFBC}") = "3D_Arrays", "3D_Arrays.csproj", "{C3878495-032D-4603-87E0-79BE93EB652B}"
EndProject
Global
	GlobalSection(SolutionConfigurationPlatforms) = preSolution
		Debug|Any CPU = Debug|Any CPU
		Release|Any CPU = Release|Any CPU
	EndGlobalSection
	GlobalSection(ProjectConfigurationPlatforms) = postSolution
		{C3878495-032D-4603-87E0-79BE93EB652B}.Debug|Any CPU.ActiveCfg = Debug|Any CPU
		{C3878495-032D-4603-87E0-79BE93EB652B}.Debug|Any CPU.Build.0 = Debug|Any CPU
		{C3878495-032D-4603-87E0-79BE93EB652B}.Release|Any CPU.ActiveCfg = Release|Any CPU
		{C3878495-032D-4603-87E0-79BE93EB652B}.Release|Any CPU.Build.0 = Release|Any CPU
	EndGlobalSection
	GlobalSection(SolutionProperties) = preSolution
		HideSolutionNode = FALSE
	EndGlobalSection
	GlobalSection(ExtensibilityGlobals) = postSolution
		SolutionGuid = {0CD2AE4F-1E84-42AC-9957-18E7C6F09F06}
	EndGlobalSection
EndGlobal
